// !$*UTF8*$!
{
	archiveVersion = 1;
	classes = {
	};
	objectVersion = 46;
	objects = {

/* Begin PBXBuildFile section */
		022C471926973B398F09FC19 /* AVFoundation.framework in Frameworks */ = {isa = PBXBuildFile; fileRef = 78944EA5E1BE5DD925227043 /* AVFoundation.framework */; };
		08D9A7A61B7ED90CA97D999D /* CoreMedia.framework in Frameworks */ = {isa = PBXBuildFile; fileRef = 854777681C44DA74B3E3DA80 /* CoreMedia.framework */; };
		1105A82BE035AF32C3929ED1 /* OpenGL.framework in Frameworks */ = {isa = PBXBuildFile; fileRef = 471EAB2A55E224A4546B43F1 /* OpenGL.framework */; };
		15EA2EBF1B206D38E5650920 /* Cocoa.framework in Frameworks */ = {isa = PBXBuildFile; fileRef = 3DDDC86FB8BC499B42B365AF /* Cocoa.framework */; };
		1A3E6137A7D4B3D2681C11EC /* QuartzCore.framework in Frameworks */ = {isa = PBXBuildFile; fileRef = D001E09F1F2BF938C0159CA4 /* QuartzCore.framework */; };
		42FACD830A1AFC315F913095 /* Carbon.framework in Frameworks */ = {isa = PBXBuildFile; fileRef = 923C2881DA53E84580A3D829 /* Carbon.framework */; };
		572ADF7D1EB3EC4F006BC823 /* GLUT.framework in Frameworks */ = {isa = PBXBuildFile; fileRef = 572ADF7C1EB3EC4F006BC823 /* GLUT.framework */; };
		58F41CF112E64A4CFFF8A91D /* include_juce_data_structures.mm in Sources */ = {isa = PBXBuildFile; fileRef = DECB14DC8432B2F4C8FDCF74 /* include_juce_data_structures.mm */; };
		5E94F8A079625552642C39E4 /* include_juce_cryptography.mm in Sources */ = {isa = PBXBuildFile; fileRef = E21E9C2839A33A3A3BDC006F /* include_juce_cryptography.mm */; };
		5EA873AFFC6C50A384890BE2 /* CoreMIDI.framework in Frameworks */ = {isa = PBXBuildFile; fileRef = 7873932D7CFBADC6F5F61747 /* CoreMIDI.framework */; };
		645059B7FFBEA99B13EF0C87 /* include_juce_events.mm in Sources */ = {isa = PBXBuildFile; fileRef = AAEE2D8337CD3DF47B433A14 /* include_juce_events.mm */; };
		6C9755EC39206CC45980290A /* include_juce_gui_basics.mm in Sources */ = {isa = PBXBuildFile; fileRef = 22F1A980F50C5BDBFF846203 /* include_juce_gui_basics.mm */; };
		73B6890479804C0764E3598C /* include_juce_audio_utils.mm in Sources */ = {isa = PBXBuildFile; fileRef = 9C84D83232D0C63A9380C707 /* include_juce_audio_utils.mm */; };
		7A7E92A03007E8DDD81FDCDC /* include_juce_audio_devices.mm in Sources */ = {isa = PBXBuildFile; fileRef = 9AE194DD0702CC55E750C0F6 /* include_juce_audio_devices.mm */; };
		7BBF4E588D7B206AC4923E02 /* RecentFilesMenuTemplate.nib in Resources */ = {isa = PBXBuildFile; fileRef = 5AFBAF806EA51558108E548F /* RecentFilesMenuTemplate.nib */; };
		7F93F906E2C5107106EED007 /* AudioToolbox.framework in Frameworks */ = {isa = PBXBuildFile; fileRef = 3FDA324CAAD07835ADC48B03 /* AudioToolbox.framework */; };
		9BFED29B6569F9278F8FED26 /* MainComponent.cpp in Sources */ = {isa = PBXBuildFile; fileRef = 59E782D3E2639FA59807F19E /* MainComponent.cpp */; };
		A1360629741D8A297C8B96B2 /* include_juce_graphics.mm in Sources */ = {isa = PBXBuildFile; fileRef = D206648A4FDA07091E0475A4 /* include_juce_graphics.mm */; };
		A916C1684E520BE5E2B52FFF /* WebKit.framework in Frameworks */ = {isa = PBXBuildFile; fileRef = 365C4A21CB5B3F746FE74924 /* WebKit.framework */; };
		AF73AE73B034A4B580F63AF2 /* include_juce_audio_processors.mm in Sources */ = {isa = PBXBuildFile; fileRef = B760ACEFAD1E71C249CB4DB1 /* include_juce_audio_processors.mm */; };
		B7C51BAD6C9ECB3C034594C6 /* include_juce_core.mm in Sources */ = {isa = PBXBuildFile; fileRef = EF9752FAA7EE0D3EB5E7C200 /* include_juce_core.mm */; };
		B85C439911FFA750CD2AFAB2 /* include_juce_video.mm in Sources */ = {isa = PBXBuildFile; fileRef = FA5B05D65EB4AE562FFD257F /* include_juce_video.mm */; };
		C6C6CB4C35E4C9C6C0BF8893 /* CoreAudio.framework in Frameworks */ = {isa = PBXBuildFile; fileRef = 5972F38126FF619D1960AACE /* CoreAudio.framework */; };
		CCBB5956392D5E8310F64FCF /* include_juce_gui_extra.mm in Sources */ = {isa = PBXBuildFile; fileRef = C2BD89C180CE9F40B9F1A414 /* include_juce_gui_extra.mm */; };
		D9E415B0BDFF0C0DCF0F9F54 /* include_juce_audio_formats.mm in Sources */ = {isa = PBXBuildFile; fileRef = B4CF0E90CC00E1E7FA050F2D /* include_juce_audio_formats.mm */; };
		E86A60C3D59B4F2C0F4FE076 /* Main.cpp in Sources */ = {isa = PBXBuildFile; fileRef = 20D31B702F4D3E60057D0E8E /* Main.cpp */; };
		F87FA86E9AF1C082DAEE43EA /* IOKit.framework in Frameworks */ = {isa = PBXBuildFile; fileRef = E85496912F6409F5DA2B2C23 /* IOKit.framework */; };
		F92C6209E785EBBA3F2B9C73 /* include_juce_audio_basics.mm in Sources */ = {isa = PBXBuildFile; fileRef = 5E3D4581EC799F203CAF9A9D /* include_juce_audio_basics.mm */; };
		FB1C1AD40BA44D04305AB827 /* DiscRecording.framework in Frameworks */ = {isa = PBXBuildFile; fileRef = 0D3AB1A78649BFC82BFB343D /* DiscRecording.framework */; };
		FE0CFB9B5F9F2AF829AF815A /* Accelerate.framework in Frameworks */ = {isa = PBXBuildFile; fileRef = 98A6B7C1AE80AF61751129C5 /* Accelerate.framework */; };
		FE234B08914AB26DF27B5CBD /* include_juce_opengl.mm in Sources */ = {isa = PBXBuildFile; fileRef = 72EA99AE8915C7E4F9539283 /* include_juce_opengl.mm */; };
/* End PBXBuildFile section */

/* Begin PBXFileReference section */
		0625243F8FBD1A0660E46236 /* Info-App.plist */ = {isa = PBXFileReference; lastKnownFileType = text.plist.xml; path = "Info-App.plist"; sourceTree = SOURCE_ROOT; };
		0813CED64F9D5664281B2DE4 /* juce_cryptography */ = {isa = PBXFileReference; lastKnownFileType = folder; name = juce_cryptography; path = "../../../../../../SDKs/JUCE-5.0/modules/juce_cryptography"; sourceTree = SOURCE_ROOT; };
		087EA0F3D477B5485589BD03 /* 3DAudioVisualizers.app */ = {isa = PBXFileReference; explicitFileType = wrapper.application; includeInIndex = 0; path = 3DAudioVisualizers.app; sourceTree = BUILT_PRODUCTS_DIR; };
		0D3AB1A78649BFC82BFB343D /* DiscRecording.framework */ = {isa = PBXFileReference; lastKnownFileType = wrapper.framework; name = DiscRecording.framework; path = System/Library/Frameworks/DiscRecording.framework; sourceTree = SDKROOT; };
		14AF248D76E7CEC9D6D40154 /* juce_graphics */ = {isa = PBXFileReference; lastKnownFileType = folder; name = juce_graphics; path = "../../../../../../SDKs/JUCE-5.0/modules/juce_graphics"; sourceTree = SOURCE_ROOT; };
		1B8D616573E47D929DC24785 /* RingBuffer.h */ = {isa = PBXFileReference; lastKnownFileType = sourcecode.c.h; name = RingBuffer.h; path = ../../Source/RingBuffer.h; sourceTree = SOURCE_ROOT; };
		1BF46A2A4D5652371E49FDC3 /* juce_core */ = {isa = PBXFileReference; lastKnownFileType = folder; name = juce_core; path = "../../../../../../SDKs/JUCE-5.0/modules/juce_core"; sourceTree = SOURCE_ROOT; };
		20D31B702F4D3E60057D0E8E /* Main.cpp */ = {isa = PBXFileReference; lastKnownFileType = sourcecode.cpp.cpp; name = Main.cpp; path = ../../Source/Main.cpp; sourceTree = SOURCE_ROOT; };
		21B2F1906E9306C1CAADD5A9 /* juce_data_structures */ = {isa = PBXFileReference; lastKnownFileType = folder; name = juce_data_structures; path = "../../../../../../SDKs/JUCE-5.0/modules/juce_data_structures"; sourceTree = SOURCE_ROOT; };
		22F1A980F50C5BDBFF846203 /* include_juce_gui_basics.mm */ = {isa = PBXFileReference; lastKnownFileType = sourcecode.cpp.objcpp; name = include_juce_gui_basics.mm; path = ../../JuceLibraryCode/include_juce_gui_basics.mm; sourceTree = SOURCE_ROOT; };
		2B416371984A7E248652E0F7 /* JuceHeader.h */ = {isa = PBXFileReference; lastKnownFileType = sourcecode.c.h; name = JuceHeader.h; path = ../../JuceLibraryCode/JuceHeader.h; sourceTree = SOURCE_ROOT; };
		365C4A21CB5B3F746FE74924 /* WebKit.framework */ = {isa = PBXFileReference; lastKnownFileType = wrapper.framework; name = WebKit.framework; path = System/Library/Frameworks/WebKit.framework; sourceTree = SDKROOT; };
		3DDDC86FB8BC499B42B365AF /* Cocoa.framework */ = {isa = PBXFileReference; lastKnownFileType = wrapper.framework; name = Cocoa.framework; path = System/Library/Frameworks/Cocoa.framework; sourceTree = SDKROOT; };
		3FDA324CAAD07835ADC48B03 /* AudioToolbox.framework */ = {isa = PBXFileReference; lastKnownFileType = wrapper.framework; name = AudioToolbox.framework; path = System/Library/Frameworks/AudioToolbox.framework; sourceTree = SDKROOT; };
		41CA5E88A24205C9962ED496 /* juce_gui_basics */ = {isa = PBXFileReference; lastKnownFileType = folder; name = juce_gui_basics; path = "../../../../../../SDKs/JUCE-5.0/modules/juce_gui_basics"; sourceTree = SOURCE_ROOT; };
		4329D7518CEF43DA7E9A0117 /* juce_audio_basics */ = {isa = PBXFileReference; lastKnownFileType = folder; name = juce_audio_basics; path = "../../../../../../SDKs/JUCE-5.0/modules/juce_audio_basics"; sourceTree = SOURCE_ROOT; };
		471EAB2A55E224A4546B43F1 /* OpenGL.framework */ = {isa = PBXFileReference; lastKnownFileType = wrapper.framework; name = OpenGL.framework; path = System/Library/Frameworks/OpenGL.framework; sourceTree = SDKROOT; };
		572ADF7C1EB3EC4F006BC823 /* GLUT.framework */ = {isa = PBXFileReference; lastKnownFileType = wrapper.framework; name = GLUT.framework; path = System/Library/Frameworks/GLUT.framework; sourceTree = SDKROOT; };
		5972F38126FF619D1960AACE /* CoreAudio.framework */ = {isa = PBXFileReference; lastKnownFileType = wrapper.framework; name = CoreAudio.framework; path = System/Library/Frameworks/CoreAudio.framework; sourceTree = SDKROOT; };
		59E782D3E2639FA59807F19E /* MainComponent.cpp */ = {isa = PBXFileReference; lastKnownFileType = sourcecode.cpp.cpp; name = MainComponent.cpp; path = ../../Source/MainComponent.cpp; sourceTree = SOURCE_ROOT; };
		5AFBAF806EA51558108E548F /* RecentFilesMenuTemplate.nib */ = {isa = PBXFileReference; lastKnownFileType = file.nib; path = RecentFilesMenuTemplate.nib; sourceTree = SOURCE_ROOT; };
		5E3D4581EC799F203CAF9A9D /* include_juce_audio_basics.mm */ = {isa = PBXFileReference; lastKnownFileType = sourcecode.cpp.objcpp; name = include_juce_audio_basics.mm; path = ../../JuceLibraryCode/include_juce_audio_basics.mm; sourceTree = SOURCE_ROOT; };
		72EA99AE8915C7E4F9539283 /* include_juce_opengl.mm */ = {isa = PBXFileReference; lastKnownFileType = sourcecode.cpp.objcpp; name = include_juce_opengl.mm; path = ../../JuceLibraryCode/include_juce_opengl.mm; sourceTree = SOURCE_ROOT; };
		785B42D067EC4009CCC34746 /* Oscilloscope1.h */ = {isa = PBXFileReference; lastKnownFileType = sourcecode.c.h; name = Oscilloscope1.h; path = ../../Source/Oscilloscope1.h; sourceTree = SOURCE_ROOT; };
		7873932D7CFBADC6F5F61747 /* CoreMIDI.framework */ = {isa = PBXFileReference; lastKnownFileType = wrapper.framework; name = CoreMIDI.framework; path = System/Library/Frameworks/CoreMIDI.framework; sourceTree = SDKROOT; };
		78944EA5E1BE5DD925227043 /* AVFoundation.framework */ = {isa = PBXFileReference; lastKnownFileType = wrapper.framework; name = AVFoundation.framework; path = System/Library/Frameworks/AVFoundation.framework; sourceTree = SDKROOT; };
		79B9B4DE745AA1C73E517E84 /* juce_gui_extra */ = {isa = PBXFileReference; lastKnownFileType = folder; name = juce_gui_extra; path = "../../../../../../SDKs/JUCE-5.0/modules/juce_gui_extra"; sourceTree = SOURCE_ROOT; };
		854777681C44DA74B3E3DA80 /* CoreMedia.framework */ = {isa = PBXFileReference; lastKnownFileType = wrapper.framework; name = CoreMedia.framework; path = System/Library/Frameworks/CoreMedia.framework; sourceTree = SDKROOT; };
		913C3F087CC7E47430A25644 /* juce_audio_formats */ = {isa = PBXFileReference; lastKnownFileType = folder; name = juce_audio_formats; path = "../../../../../../SDKs/JUCE-5.0/modules/juce_audio_formats"; sourceTree = SOURCE_ROOT; };
		91B507AFB45C9597F4E9D0A7 /* juce_audio_utils */ = {isa = PBXFileReference; lastKnownFileType = folder; name = juce_audio_utils; path = "../../../../../../SDKs/JUCE-5.0/modules/juce_audio_utils"; sourceTree = SOURCE_ROOT; };
		923C2881DA53E84580A3D829 /* Carbon.framework */ = {isa = PBXFileReference; lastKnownFileType = wrapper.framework; name = Carbon.framework; path = System/Library/Frameworks/Carbon.framework; sourceTree = SDKROOT; };
		944185A98B9D931562E67E64 /* juce_audio_devices */ = {isa = PBXFileReference; lastKnownFileType = folder; name = juce_audio_devices; path = "../../../../../../SDKs/JUCE-5.0/modules/juce_audio_devices"; sourceTree = SOURCE_ROOT; };
		96F170B4ED913FE278DA0DFB /* juce_events */ = {isa = PBXFileReference; lastKnownFileType = folder; name = juce_events; path = "../../../../../../SDKs/JUCE-5.0/modules/juce_events"; sourceTree = SOURCE_ROOT; };
		98A6B7C1AE80AF61751129C5 /* Accelerate.framework */ = {isa = PBXFileReference; lastKnownFileType = wrapper.framework; name = Accelerate.framework; path = System/Library/Frameworks/Accelerate.framework; sourceTree = SDKROOT; };
		9AE194DD0702CC55E750C0F6 /* include_juce_audio_devices.mm */ = {isa = PBXFileReference; lastKnownFileType = sourcecode.cpp.objcpp; name = include_juce_audio_devices.mm; path = ../../JuceLibraryCode/include_juce_audio_devices.mm; sourceTree = SOURCE_ROOT; };
		9C84D83232D0C63A9380C707 /* include_juce_audio_utils.mm */ = {isa = PBXFileReference; lastKnownFileType = sourcecode.cpp.objcpp; name = include_juce_audio_utils.mm; path = ../../JuceLibraryCode/include_juce_audio_utils.mm; sourceTree = SOURCE_ROOT; };
		AAEE2D8337CD3DF47B433A14 /* include_juce_events.mm */ = {isa = PBXFileReference; lastKnownFileType = sourcecode.cpp.objcpp; name = include_juce_events.mm; path = ../../JuceLibraryCode/include_juce_events.mm; sourceTree = SOURCE_ROOT; };
		B4CF0E90CC00E1E7FA050F2D /* include_juce_audio_formats.mm */ = {isa = PBXFileReference; lastKnownFileType = sourcecode.cpp.objcpp; name = include_juce_audio_formats.mm; path = ../../JuceLibraryCode/include_juce_audio_formats.mm; sourceTree = SOURCE_ROOT; };
		B760ACEFAD1E71C249CB4DB1 /* include_juce_audio_processors.mm */ = {isa = PBXFileReference; lastKnownFileType = sourcecode.cpp.objcpp; name = include_juce_audio_processors.mm; path = ../../JuceLibraryCode/include_juce_audio_processors.mm; sourceTree = SOURCE_ROOT; };
		C2BD89C180CE9F40B9F1A414 /* include_juce_gui_extra.mm */ = {isa = PBXFileReference; lastKnownFileType = sourcecode.cpp.objcpp; name = include_juce_gui_extra.mm; path = ../../JuceLibraryCode/include_juce_gui_extra.mm; sourceTree = SOURCE_ROOT; };
		C6E35F910A94C4B9F9AE44BC /* AppConfig.h */ = {isa = PBXFileReference; lastKnownFileType = sourcecode.c.h; name = AppConfig.h; path = ../../JuceLibraryCode/AppConfig.h; sourceTree = SOURCE_ROOT; };
		CF9F23352A2C4698D576F83B /* juce_opengl */ = {isa = PBXFileReference; lastKnownFileType = folder; name = juce_opengl; path = "../../../../../../SDKs/JUCE-5.0/modules/juce_opengl"; sourceTree = SOURCE_ROOT; };
		D001E09F1F2BF938C0159CA4 /* QuartzCore.framework */ = {isa = PBXFileReference; lastKnownFileType = wrapper.framework; name = QuartzCore.framework; path = System/Library/Frameworks/QuartzCore.framework; sourceTree = SDKROOT; };
		D206648A4FDA07091E0475A4 /* include_juce_graphics.mm */ = {isa = PBXFileReference; lastKnownFileType = sourcecode.cpp.objcpp; name = include_juce_graphics.mm; path = ../../JuceLibraryCode/include_juce_graphics.mm; sourceTree = SOURCE_ROOT; };
		DC9480768B780873680F24C9 /* juce_audio_processors */ = {isa = PBXFileReference; lastKnownFileType = folder; name = juce_audio_processors; path = "../../../../../../SDKs/JUCE-5.0/modules/juce_audio_processors"; sourceTree = SOURCE_ROOT; };
		DECB14DC8432B2F4C8FDCF74 /* include_juce_data_structures.mm */ = {isa = PBXFileReference; lastKnownFileType = sourcecode.cpp.objcpp; name = include_juce_data_structures.mm; path = ../../JuceLibraryCode/include_juce_data_structures.mm; sourceTree = SOURCE_ROOT; };
		E21E9C2839A33A3A3BDC006F /* include_juce_cryptography.mm */ = {isa = PBXFileReference; lastKnownFileType = sourcecode.cpp.objcpp; name = include_juce_cryptography.mm; path = ../../JuceLibraryCode/include_juce_cryptography.mm; sourceTree = SOURCE_ROOT; };
		E345445B008328AACC661B7F /* juce_video */ = {isa = PBXFileReference; lastKnownFileType = folder; name = juce_video; path = "../../../../../../SDKs/JUCE-5.0/modules/juce_video"; sourceTree = SOURCE_ROOT; };
		E85496912F6409F5DA2B2C23 /* IOKit.framework */ = {isa = PBXFileReference; lastKnownFileType = wrapper.framework; name = IOKit.framework; path = System/Library/Frameworks/IOKit.framework; sourceTree = SDKROOT; };
		EF9752FAA7EE0D3EB5E7C200 /* include_juce_core.mm */ = {isa = PBXFileReference; lastKnownFileType = sourcecode.cpp.objcpp; name = include_juce_core.mm; path = ../../JuceLibraryCode/include_juce_core.mm; sourceTree = SOURCE_ROOT; };
		FA5B05D65EB4AE562FFD257F /* include_juce_video.mm */ = {isa = PBXFileReference; lastKnownFileType = sourcecode.cpp.objcpp; name = include_juce_video.mm; path = ../../JuceLibraryCode/include_juce_video.mm; sourceTree = SOURCE_ROOT; };
/* End PBXFileReference section */

/* Begin PBXFrameworksBuildPhase section */
		8F30C30899F8DC6F1AA13DE8 /* Frameworks */ = {
			isa = PBXFrameworksBuildPhase;
			buildActionMask = 2147483647;
			files = (
				572ADF7D1EB3EC4F006BC823 /* GLUT.framework in Frameworks */,
				FE0CFB9B5F9F2AF829AF815A /* Accelerate.framework in Frameworks */,
				7F93F906E2C5107106EED007 /* AudioToolbox.framework in Frameworks */,
				022C471926973B398F09FC19 /* AVFoundation.framework in Frameworks */,
				42FACD830A1AFC315F913095 /* Carbon.framework in Frameworks */,
				15EA2EBF1B206D38E5650920 /* Cocoa.framework in Frameworks */,
				C6C6CB4C35E4C9C6C0BF8893 /* CoreAudio.framework in Frameworks */,
				08D9A7A61B7ED90CA97D999D /* CoreMedia.framework in Frameworks */,
				5EA873AFFC6C50A384890BE2 /* CoreMIDI.framework in Frameworks */,
				FB1C1AD40BA44D04305AB827 /* DiscRecording.framework in Frameworks */,
				F87FA86E9AF1C082DAEE43EA /* IOKit.framework in Frameworks */,
				1105A82BE035AF32C3929ED1 /* OpenGL.framework in Frameworks */,
				1A3E6137A7D4B3D2681C11EC /* QuartzCore.framework in Frameworks */,
				A916C1684E520BE5E2B52FFF /* WebKit.framework in Frameworks */,
			);
			runOnlyForDeploymentPostprocessing = 0;
		};
/* End PBXFrameworksBuildPhase section */

/* Begin PBXGroup section */
		011F5D890964AD1C91B2BD05 /* Source */ = {
			isa = PBXGroup;
			children = (
				20D31B702F4D3E60057D0E8E /* Main.cpp */,
				59E782D3E2639FA59807F19E /* MainComponent.cpp */,
				785B42D067EC4009CCC34746 /* Oscilloscope1.h */,
				1B8D616573E47D929DC24785 /* RingBuffer.h */,
			);
			name = Source;
			sourceTree = "<group>";
		};
		1E63C5D0458AE87CEF76C79F /* Juce Modules */ = {
			isa = PBXGroup;
			children = (
				4329D7518CEF43DA7E9A0117 /* juce_audio_basics */,
				944185A98B9D931562E67E64 /* juce_audio_devices */,
				913C3F087CC7E47430A25644 /* juce_audio_formats */,
				DC9480768B780873680F24C9 /* juce_audio_processors */,
				91B507AFB45C9597F4E9D0A7 /* juce_audio_utils */,
				1BF46A2A4D5652371E49FDC3 /* juce_core */,
				0813CED64F9D5664281B2DE4 /* juce_cryptography */,
				21B2F1906E9306C1CAADD5A9 /* juce_data_structures */,
				96F170B4ED913FE278DA0DFB /* juce_events */,
				14AF248D76E7CEC9D6D40154 /* juce_graphics */,
				41CA5E88A24205C9962ED496 /* juce_gui_basics */,
				79B9B4DE745AA1C73E517E84 /* juce_gui_extra */,
				CF9F23352A2C4698D576F83B /* juce_opengl */,
				E345445B008328AACC661B7F /* juce_video */,
			);
			name = "Juce Modules";
			sourceTree = "<group>";
		};
		384303F490C44887E12A06D4 /* Frameworks */ = {
			isa = PBXGroup;
			children = (
				572ADF7C1EB3EC4F006BC823 /* GLUT.framework */,
				98A6B7C1AE80AF61751129C5 /* Accelerate.framework */,
				3FDA324CAAD07835ADC48B03 /* AudioToolbox.framework */,
				78944EA5E1BE5DD925227043 /* AVFoundation.framework */,
				923C2881DA53E84580A3D829 /* Carbon.framework */,
				3DDDC86FB8BC499B42B365AF /* Cocoa.framework */,
				5972F38126FF619D1960AACE /* CoreAudio.framework */,
				854777681C44DA74B3E3DA80 /* CoreMedia.framework */,
				7873932D7CFBADC6F5F61747 /* CoreMIDI.framework */,
				0D3AB1A78649BFC82BFB343D /* DiscRecording.framework */,
				E85496912F6409F5DA2B2C23 /* IOKit.framework */,
				471EAB2A55E224A4546B43F1 /* OpenGL.framework */,
				D001E09F1F2BF938C0159CA4 /* QuartzCore.framework */,
				365C4A21CB5B3F746FE74924 /* WebKit.framework */,
			);
			name = Frameworks;
			sourceTree = "<group>";
		};
		63D78018DABA6DE2136BFDD2 /* Juce Library Code */ = {
			isa = PBXGroup;
			children = (
				C6E35F910A94C4B9F9AE44BC /* AppConfig.h */,
				5E3D4581EC799F203CAF9A9D /* include_juce_audio_basics.mm */,
				9AE194DD0702CC55E750C0F6 /* include_juce_audio_devices.mm */,
				B4CF0E90CC00E1E7FA050F2D /* include_juce_audio_formats.mm */,
				B760ACEFAD1E71C249CB4DB1 /* include_juce_audio_processors.mm */,
				9C84D83232D0C63A9380C707 /* include_juce_audio_utils.mm */,
				EF9752FAA7EE0D3EB5E7C200 /* include_juce_core.mm */,
				E21E9C2839A33A3A3BDC006F /* include_juce_cryptography.mm */,
				DECB14DC8432B2F4C8FDCF74 /* include_juce_data_structures.mm */,
				AAEE2D8337CD3DF47B433A14 /* include_juce_events.mm */,
				D206648A4FDA07091E0475A4 /* include_juce_graphics.mm */,
				22F1A980F50C5BDBFF846203 /* include_juce_gui_basics.mm */,
				C2BD89C180CE9F40B9F1A414 /* include_juce_gui_extra.mm */,
				72EA99AE8915C7E4F9539283 /* include_juce_opengl.mm */,
				FA5B05D65EB4AE562FFD257F /* include_juce_video.mm */,
				2B416371984A7E248652E0F7 /* JuceHeader.h */,
			);
			name = "Juce Library Code";
			sourceTree = "<group>";
		};
		93986E97B1611C3D2AF02987 /* Source */ = {
			isa = PBXGroup;
			children = (
				A40400BB214E6623364F7ABA /* 3DAudioVisualizers */,
				1E63C5D0458AE87CEF76C79F /* Juce Modules */,
				63D78018DABA6DE2136BFDD2 /* Juce Library Code */,
				FCFCAA8B7A65FD37D690C895 /* Resources */,
				384303F490C44887E12A06D4 /* Frameworks */,
				B13EB1DB568ABCF3A84991AF /* Products */,
			);
			name = Source;
			sourceTree = "<group>";
		};
		A40400BB214E6623364F7ABA /* 3DAudioVisualizers */ = {
			isa = PBXGroup;
			children = (
				011F5D890964AD1C91B2BD05 /* Source */,
			);
			name = 3DAudioVisualizers;
			sourceTree = "<group>";
		};
		B13EB1DB568ABCF3A84991AF /* Products */ = {
			isa = PBXGroup;
			children = (
				087EA0F3D477B5485589BD03 /* 3DAudioVisualizers.app */,
			);
			name = Products;
			sourceTree = "<group>";
		};
		FCFCAA8B7A65FD37D690C895 /* Resources */ = {
			isa = PBXGroup;
			children = (
				0625243F8FBD1A0660E46236 /* Info-App.plist */,
				5AFBAF806EA51558108E548F /* RecentFilesMenuTemplate.nib */,
			);
			name = Resources;
			sourceTree = "<group>";
		};
/* End PBXGroup section */

/* Begin PBXNativeTarget section */
		6FF43CBD1C33F0926B92175A /* 3DAudioVisualizers - App */ = {
			isa = PBXNativeTarget;
			buildConfigurationList = F949A7E5CCB9780C38503EED /* Build configuration list for PBXNativeTarget "3DAudioVisualizers - App" */;
			buildPhases = (
				2DA54BFD97E91E6891001C6D /* Resources */,
				682F5256E13D7A114D0CAEE7 /* Sources */,
				8F30C30899F8DC6F1AA13DE8 /* Frameworks */,
			);
			buildRules = (
			);
			dependencies = (
			);
			name = "3DAudioVisualizers - App";
			productName = 3DAudioVisualizers;
			productReference = 087EA0F3D477B5485589BD03 /* 3DAudioVisualizers.app */;
			productType = "com.apple.product-type.application";
		};
/* End PBXNativeTarget section */

/* Begin PBXProject section */
		EACB3895B8D41D5BAE98B951 /* Project object */ = {
			isa = PBXProject;
			attributes = {
				LastUpgradeCheck = 0830;
				TargetAttributes = {
					6FF43CBD1C33F0926B92175A = {
						SystemCapabilities = {
							com.apple.InAppPurchase = {
								enabled = 0;
							};
							com.apple.InterAppAudio = {
								enabled = 0;
							};
							com.apple.Sandbox = {
								enabled = 0;
							};
						};
					};
				};
			};
			buildConfigurationList = 433BAF73AC6A675464AC3C80 /* Build configuration list for PBXProject "3DAudioVisualizers" */;
			compatibilityVersion = "Xcode 3.2";
			developmentRegion = English;
			hasScannedForEncodings = 0;
			knownRegions = (
				en,
			);
			mainGroup = 93986E97B1611C3D2AF02987 /* Source */;
			projectDirPath = "";
			projectRoot = "";
			targets = (
				6FF43CBD1C33F0926B92175A /* 3DAudioVisualizers - App */,
			);
		};
/* End PBXProject section */

/* Begin PBXResourcesBuildPhase section */
		2DA54BFD97E91E6891001C6D /* Resources */ = {
			isa = PBXResourcesBuildPhase;
			buildActionMask = 2147483647;
			files = (
				7BBF4E588D7B206AC4923E02 /* RecentFilesMenuTemplate.nib in Resources */,
			);
			runOnlyForDeploymentPostprocessing = 0;
		};
/* End PBXResourcesBuildPhase section */

/* Begin PBXSourcesBuildPhase section */
		682F5256E13D7A114D0CAEE7 /* Sources */ = {
			isa = PBXSourcesBuildPhase;
			buildActionMask = 2147483647;
			files = (
				E86A60C3D59B4F2C0F4FE076 /* Main.cpp in Sources */,
				9BFED29B6569F9278F8FED26 /* MainComponent.cpp in Sources */,
				F92C6209E785EBBA3F2B9C73 /* include_juce_audio_basics.mm in Sources */,
				7A7E92A03007E8DDD81FDCDC /* include_juce_audio_devices.mm in Sources */,
				D9E415B0BDFF0C0DCF0F9F54 /* include_juce_audio_formats.mm in Sources */,
				AF73AE73B034A4B580F63AF2 /* include_juce_audio_processors.mm in Sources */,
				73B6890479804C0764E3598C /* include_juce_audio_utils.mm in Sources */,
				B7C51BAD6C9ECB3C034594C6 /* include_juce_core.mm in Sources */,
				5E94F8A079625552642C39E4 /* include_juce_cryptography.mm in Sources */,
				58F41CF112E64A4CFFF8A91D /* include_juce_data_structures.mm in Sources */,
				645059B7FFBEA99B13EF0C87 /* include_juce_events.mm in Sources */,
				A1360629741D8A297C8B96B2 /* include_juce_graphics.mm in Sources */,
				6C9755EC39206CC45980290A /* include_juce_gui_basics.mm in Sources */,
				CCBB5956392D5E8310F64FCF /* include_juce_gui_extra.mm in Sources */,
				FE234B08914AB26DF27B5CBD /* include_juce_opengl.mm in Sources */,
				B85C439911FFA750CD2AFAB2 /* include_juce_video.mm in Sources */,
			);
			runOnlyForDeploymentPostprocessing = 0;
		};
/* End PBXSourcesBuildPhase section */

/* Begin XCBuildConfiguration section */
		0DAAD8E6024B60B87BAEA240 /* Debug */ = {
			isa = XCBuildConfiguration;
			buildSettings = {
				ALWAYS_SEARCH_USER_PATHS = NO;
				DEBUG_INFORMATION_FORMAT = dwarf;
				ENABLE_TESTABILITY = YES;
				GCC_C_LANGUAGE_STANDARD = c11;
				GCC_INLINES_ARE_PRIVATE_EXTERN = YES;
				GCC_MODEL_TUNING = G5;
				GCC_WARN_ABOUT_RETURN_TYPE = YES;
				GCC_WARN_CHECK_SWITCH_STATEMENTS = YES;
				GCC_WARN_MISSING_PARENTHESES = YES;
				GCC_WARN_NON_VIRTUAL_DESTRUCTOR = YES;
				GCC_WARN_TYPECHECK_CALLS_TO_PRINTF = YES;
				GCC_WARN_UNUSED_VARIABLE = YES;
				ONLY_ACTIVE_ARCH = YES;
				PRODUCT_NAME = 3DAudioVisualizers;
				WARNING_CFLAGS = "-Wreorder";
				ZERO_LINK = NO;
			};
			name = Debug;
		};
		46A4754595B274D452985DF2 /* Release */ = {
			isa = XCBuildConfiguration;
			buildSettings = {
				ALWAYS_SEARCH_USER_PATHS = NO;
				DEBUG_INFORMATION_FORMAT = dwarf;
				GCC_C_LANGUAGE_STANDARD = c11;
				GCC_INLINES_ARE_PRIVATE_EXTERN = YES;
				GCC_MODEL_TUNING = G5;
				GCC_WARN_ABOUT_RETURN_TYPE = YES;
				GCC_WARN_CHECK_SWITCH_STATEMENTS = YES;
				GCC_WARN_MISSING_PARENTHESES = YES;
				GCC_WARN_NON_VIRTUAL_DESTRUCTOR = YES;
				GCC_WARN_TYPECHECK_CALLS_TO_PRINTF = YES;
				GCC_WARN_UNUSED_VARIABLE = YES;
				PRODUCT_NAME = 3DAudioVisualizers;
				WARNING_CFLAGS = "-Wreorder";
				ZERO_LINK = NO;
			};
			name = Release;
		};
		667E68C9E3E34464C5031E12 /* Debug */ = {
			isa = XCBuildConfiguration;
			buildSettings = {
				CLANG_CXX_LANGUAGE_STANDARD = "c++0x";
				CLANG_LINK_OBJC_RUNTIME = NO;
				COMBINE_HIDPI_IMAGES = YES;
				CONFIGURATION_BUILD_DIR = "$(PROJECT_DIR)/build/$(CONFIGURATION)";
				COPY_PHASE_STRIP = NO;
				GCC_DYNAMIC_NO_PIC = NO;
				GCC_OPTIMIZATION_LEVEL = 0;
				GCC_PREPROCESSOR_DEFINITIONS = (
					"_DEBUG=1",
					"DEBUG=1",
					"JUCER_XCODE_MAC_F6D2F4CF=1",
					"JUCE_APP_VERSION=1.0.0",
					"JUCE_APP_VERSION_HEX=0x10000",
					"JucePlugin_Build_VST=0",
					"JucePlugin_Build_VST3=0",
					"JucePlugin_Build_AU=0",
					"JucePlugin_Build_AUv3=0",
					"JucePlugin_Build_RTAS=0",
					"JucePlugin_Build_AAX=0",
					"JucePlugin_Build_Standalone=0",
				);
				GCC_VERSION = com.apple.compilers.llvm.clang.1_0;
				HEADER_SEARCH_PATHS = (
					../../JuceLibraryCode,
					"../../../../../../SDKs/JUCE-5.0/modules",
					/juce_audio_plugin_client,
					"$(inherited)",
				);
				INFOPLIST_FILE = "Info-App.plist";
				INSTALL_PATH = "$(HOME)/Applications";
				MACOSX_DEPLOYMENT_TARGET = 10.11;
				MACOSX_DEPLOYMENT_TARGET_ppc = 10.4;
				PRODUCT_BUNDLE_IDENTIFIER = com.yourcompany._3DAudioVisualizers;
				SDKROOT_ppc = macosx10.5;
			};
			name = Debug;
		};
		CBF23DBBCE35ECDDE7B48559 /* Release */ = {
			isa = XCBuildConfiguration;
			buildSettings = {
				CLANG_CXX_LANGUAGE_STANDARD = "c++0x";
				CLANG_LINK_OBJC_RUNTIME = NO;
				COMBINE_HIDPI_IMAGES = YES;
				CONFIGURATION_BUILD_DIR = "$(PROJECT_DIR)/build/$(CONFIGURATION)";
				DEAD_CODE_STRIPPING = YES;
				GCC_GENERATE_DEBUGGING_SYMBOLS = NO;
				GCC_OPTIMIZATION_LEVEL = 3;
				GCC_PREPROCESSOR_DEFINITIONS = (
					"_NDEBUG=1",
					"NDEBUG=1",
					"JUCER_XCODE_MAC_F6D2F4CF=1",
					"JUCE_APP_VERSION=1.0.0",
					"JUCE_APP_VERSION_HEX=0x10000",
					"JucePlugin_Build_VST=0",
					"JucePlugin_Build_VST3=0",
					"JucePlugin_Build_AU=0",
					"JucePlugin_Build_AUv3=0",
					"JucePlugin_Build_RTAS=0",
					"JucePlugin_Build_AAX=0",
					"JucePlugin_Build_Standalone=0",
				);
				GCC_SYMBOLS_PRIVATE_EXTERN = YES;
				GCC_VERSION = com.apple.compilers.llvm.clang.1_0;
				HEADER_SEARCH_PATHS = (
					../../JuceLibraryCode,
					"../../../../../../SDKs/JUCE-5.0/modules",
					/juce_audio_plugin_client,
					"$(inherited)",
				);
				INFOPLIST_FILE = "Info-App.plist";
				INSTALL_PATH = "$(HOME)/Applications";
				MACOSX_DEPLOYMENT_TARGET = 10.11;
				MACOSX_DEPLOYMENT_TARGET_ppc = 10.4;
				PRODUCT_BUNDLE_IDENTIFIER = com.yourcompany._3DAudioVisualizers;
				SDKROOT_ppc = macosx10.5;
			};
			name = Release;
		};
/* End XCBuildConfiguration section */

/* Begin XCConfigurationList section */
		433BAF73AC6A675464AC3C80 /* Build configuration list for PBXProject "3DAudioVisualizers" */ = {
			isa = XCConfigurationList;
			buildConfigurations = (
				0DAAD8E6024B60B87BAEA240 /* Debug */,
				46A4754595B274D452985DF2 /* Release */,
			);
			defaultConfigurationIsVisible = 0;
			defaultConfigurationName = Debug;
		};
		F949A7E5CCB9780C38503EED /* Build configuration list for PBXNativeTarget "3DAudioVisualizers - App" */ = {
			isa = XCConfigurationList;
			buildConfigurations = (
				667E68C9E3E34464C5031E12 /* Debug */,
				CBF23DBBCE35ECDDE7B48559 /* Release */,
			);
			defaultConfigurationIsVisible = 0;
			defaultConfigurationName = Debug;
		};
/* End XCConfigurationList section */
	};
	rootObject = EACB3895B8D41D5BAE98B951 /* Project object */;
}
